
Microsoft Visual Studio Solution File, Format Version 12.00
Project("{2150E333-8FDC-42A3-9474-1A3956D46DE8}") = "TinyBrowser", "TinyBrowser", "{558E93E8-A7E2-4D90-B2F6-0A31D9BB29E3}"
EndProject
Project("{FAE04EC0-301F-11D3-BF4B-00C04F79EFBC}") = "Tiny Browser", "Tiny Browser\Tiny Browser.csproj", "{DC747E8B-1EF5-4004-984C-2AF5EF8D6371}"
EndProject
Project("{FAE04EC0-301F-11D3-BF4B-00C04F79EFBC}") = "TinyHtmlReader", "TinyHtmlReader\TinyHtmlReader.csproj", "{1C6E14B8-328F-4A1E-8E28-1E02B658E168}"
EndProject
Project("{2150E333-8FDC-42A3-9474-1A3956D46DE8}") = "Shared", "Shared", "{B2C416D3-B3C6-4FD0-8372-750F4B7CB7D7}"
EndProject
Project("{FAE04EC0-301F-11D3-BF4B-00C04F79EFBC}") = "ConsoleUtils", "ConsoleUtils\ConsoleUtils.csproj", "{B06D4872-6796-45A8-B940-B5E9EF5A56F3}"
EndProject
Global
	GlobalSection(SolutionConfigurationPlatforms) = preSolution
		Debug|Any CPU = Debug|Any CPU
		Release|Any CPU = Release|Any CPU
	EndGlobalSection
	GlobalSection(NestedProjects) = preSolution
		{DC747E8B-1EF5-4004-984C-2AF5EF8D6371} = {558E93E8-A7E2-4D90-B2F6-0A31D9BB29E3}
		{1C6E14B8-328F-4A1E-8E28-1E02B658E168} = {B2C416D3-B3C6-4FD0-8372-750F4B7CB7D7}
		{B06D4872-6796-45A8-B940-B5E9EF5A56F3} = {B2C416D3-B3C6-4FD0-8372-750F4B7CB7D7}
	EndGlobalSection
	GlobalSection(ProjectConfigurationPlatforms) = postSolution
		{DC747E8B-1EF5-4004-984C-2AF5EF8D6371}.Debug|Any CPU.ActiveCfg = Debug|Any CPU
		{DC747E8B-1EF5-4004-984C-2AF5EF8D6371}.Debug|Any CPU.Build.0 = Debug|Any CPU
		{DC747E8B-1EF5-4004-984C-2AF5EF8D6371}.Release|Any CPU.ActiveCfg = Release|Any CPU
		{DC747E8B-1EF5-4004-984C-2AF5EF8D6371}.Release|Any CPU.Build.0 = Release|Any CPU
		{1C6E14B8-328F-4A1E-8E28-1E02B658E168}.Debug|Any CPU.ActiveCfg = Debug|Any CPU
		{1C6E14B8-328F-4A1E-8E28-1E02B658E168}.Debug|Any CPU.Build.0 = Debug|Any CPU
		{1C6E14B8-328F-4A1E-8E28-1E02B658E168}.Release|Any CPU.ActiveCfg = Release|Any CPU
		{1C6E14B8-328F-4A1E-8E28-1E02B658E168}.Release|Any CPU.Build.0 = Release|Any CPU
		{B06D4872-6796-45A8-B940-B5E9EF5A56F3}.Debug|Any CPU.ActiveCfg = Debug|Any CPU
		{B06D4872-6796-45A8-B940-B5E9EF5A56F3}.Debug|Any CPU.Build.0 = Debug|Any CPU
		{B06D4872-6796-45A8-B940-B5E9EF5A56F3}.Release|Any CPU.ActiveCfg = Release|Any CPU
		{B06D4872-6796-45A8-B940-B5E9EF5A56F3}.Release|Any CPU.Build.0 = Release|Any CPU
	EndGlobalSection
EndGlobal
